
Microsoft Visual Studio Solution File, Format Version 12.00
# Visual Studio 14
VisualStudioVersion = 14.0.25420.1
MinimumVisualStudioVersion = 10.0.40219.1
Project("{FAE04EC0-301F-11D3-BF4B-00C04F79EFBC}") = "UpsStreetAddressValidation", "UpsStreetAddressValidation\UpsStreetAddressValidation.csproj", "{48A44ACD-FA7B-4783-B99E-1BCAD27F5C1D}"
EndProject
Project("{FAE04EC0-301F-11D3-BF4B-00C04F79EFBC}") = "TestConsole", "TestConsole\TestConsole.csproj", "{16D788B9-0024-4BB1-9F03-47119E2B751C}"
EndProject
Global
	GlobalSection(SolutionConfigurationPlatforms) = preSolution
		Debug|Any CPU = Debug|Any CPU
		Release|Any CPU = Release|Any CPU
	EndGlobalSection
	GlobalSection(ProjectConfigurationPlatforms) = postSolution
		{48A44ACD-FA7B-4783-B99E-1BCAD27F5C1D}.Debug|Any CPU.ActiveCfg = Debug|Any CPU
		{48A44ACD-FA7B-4783-B99E-1BCAD27F5C1D}.Debug|Any CPU.Build.0 = Debug|Any CPU
		{48A44ACD-FA7B-4783-B99E-1BCAD27F5C1D}.Release|Any CPU.ActiveCfg = Release|Any CPU
		{48A44ACD-FA7B-4783-B99E-1BCAD27F5C1D}.Release|Any CPU.Build.0 = Release|Any CPU
		{16D788B9-0024-4BB1-9F03-47119E2B751C}.Debug|Any CPU.ActiveCfg = Debug|Any CPU
		{16D788B9-0024-4BB1-9F03-47119E2B751C}.Debug|Any CPU.Build.0 = Debug|Any CPU
		{16D788B9-0024-4BB1-9F03-47119E2B751C}.Release|Any CPU.ActiveCfg = Release|Any CPU
		{16D788B9-0024-4BB1-9F03-47119E2B751C}.Release|Any CPU.Build.0 = Release|Any CPU
	EndGlobalSection
	GlobalSection(SolutionProperties) = preSolution
		HideSolutionNode = FALSE
	EndGlobalSection
EndGlobal
